<?xml version="1.0" encoding="utf-8"?>
<Project ToolsVersion="4.0" xmlns="http://schemas.microsoft.com/developer/msbuild/2003">
  <ItemGroup>
    <Filter Include="原始程式檔">
      <UniqueIdentifier>{4FC737F1-C7A5-4376-A066-2A32D752A2FF}</UniqueIdentifier>
      <Extensions>cpp;c;cc;cxx;def;odl;idl;hpj;bat;asm;asmx</Extensions>
    </Filter>
    <Filter Include="標頭檔">
      <UniqueIdentifier>{93995380-89BD-4b04-88EB-625FBE52EBFB}</UniqueIdentifier>
      <Extensions>h;hpp;hxx;hm;inl;inc;xsd</Extensions>
    </Filter>
    <Filter Include="資源檔">
      <UniqueIdentifier>{67DA6AB6-F800-4c08-8B7A-83BB121AAD01}</UniqueIdentifier>
      <Extensions>rc;ico;cur;bmp;dlg;rc2;rct;bin;rgs;gif;jpg;jpeg;jpe;resx;tiff;tif;png;wav;mfcribbon-ms</Extensions>
    </Filter>
    <Filter Include="kernel">
      <UniqueIdentifier>{e30f2141-9b96-4158-9351-4d64a6dc145e}</UniqueIdentifier>
    </Filter>
  </ItemGroup>
  <ItemGroup>
    <ClInclude Include="kernel\Builder.h">
      <Filter>kernel</Filter>
    </ClInclude>
    <ClInclude Include="kernel\Command.h">
      <Filter>kernel</Filter>
    </ClInclude>
    <ClInclude Include="kernel\Socket.h">
      <Filter>kernel</Filter>
    </ClInclude>
    <ClInclude Include="kernel\Manager.h">
      <Filter>kernel</Filter>
    </ClInclude>
    <ClInclude Include="kernel\Runner.h">
      <Filter>kernel</Filter>
    </ClInclude>
    <ClInclude Include="kernel\RunLogic.h">
      <Filter>kernel</Filter>
    </ClInclude>
    <ClInclude Include="kernel\CompositeRunner.h">
      <Filter>kernel</Filter>
    </ClInclude>
    <ClInclude Include="kernel\RunnerFactory.h">
      <Filter>kernel</Filter>
    </ClInclude>
    <ClInclude Include="kernel\Model.h">
      <Filter>kernel</Filter>
    </ClInclude>
  </ItemGroup>
  <ItemGroup>
    <ClCompile Include="kernel\RunLogic.cpp">
      <Filter>kernel</Filter>
    </ClCompile>
    <ClCompile Include="kernel\Manager.cpp">
      <Filter>kernel</Filter>
    </ClCompile>
    <ClCompile Include="kernel\CompositeRunner.cpp">
      <Filter>kernel</Filter>
    </ClCompile>
    <ClCompile Include="kernel\Command.cpp">
      <Filter>原始程式檔</Filter>
    </ClCompile>
    <ClCompile Include="kernel\Runner.cpp">
      <Filter>kernel</Filter>
    </ClCompile>
    <ClCompile Include="kernel\Model.cpp">
      <Filter>kernel</Filter>
    </ClCompile>
  </ItemGroup>
</Project>